
Microsoft Visual Studio Solution File, Format Version 12.00
Project("{FAE04EC0-301F-11D3-BF4B-00C04F79EFBC}") = "UserWallet", "UserWallet\UserWallet.csproj", "{45BB44DD-C6AE-4538-BF72-32567DB48569}"
EndProject
Project("{FAE04EC0-301F-11D3-BF4B-00C04F79EFBC}") = "UserWalletApplication", "UserWalletApplication\UserWalletApplication.csproj", "{0C6E11BF-DA9C-45B3-91B4-9E872E683670}"
EndProject
Global
	GlobalSection(SolutionConfigurationPlatforms) = preSolution
		Debug|Any CPU = Debug|Any CPU
		Release|Any CPU = Release|Any CPU
	EndGlobalSection
	GlobalSection(ProjectConfigurationPlatforms) = postSolution
		{45BB44DD-C6AE-4538-BF72-32567DB48569}.Debug|Any CPU.ActiveCfg = Debug|Any CPU
		{45BB44DD-C6AE-4538-BF72-32567DB48569}.Debug|Any CPU.Build.0 = Debug|Any CPU
		{45BB44DD-C6AE-4538-BF72-32567DB48569}.Release|Any CPU.ActiveCfg = Release|Any CPU
		{45BB44DD-C6AE-4538-BF72-32567DB48569}.Release|Any CPU.Build.0 = Release|Any CPU
		{0C6E11BF-DA9C-45B3-91B4-9E872E683670}.Debug|Any CPU.ActiveCfg = Debug|Any CPU
		{0C6E11BF-DA9C-45B3-91B4-9E872E683670}.Debug|Any CPU.Build.0 = Debug|Any CPU
		{0C6E11BF-DA9C-45B3-91B4-9E872E683670}.Release|Any CPU.ActiveCfg = Release|Any CPU
		{0C6E11BF-DA9C-45B3-91B4-9E872E683670}.Release|Any CPU.Build.0 = Release|Any CPU
	EndGlobalSection
EndGlobal
